
Microsoft Visual Studio Solution File, Format Version 12.00
# Visual Studio Version 17
VisualStudioVersion = 17.0.31612.314
MinimumVisualStudioVersion = 10.0.40219.1
Project("{9A19103F-16F7-4668-BE54-9A1E7A4F7556}") = "AsciiDocNet", "AsciiDocNet\AsciiDocNet.csproj", "{0C808E3D-5ECF-46A9-936D-BCD019B858F9}"
EndProject
Project("{9A19103F-16F7-4668-BE54-9A1E7A4F7556}") = "AsciiDocNet.Tests", "AsciiDocNet.Tests\AsciiDocNet.Tests.csproj", "{8AFB2E20-2EBE-48D2-AA28-89F7F7948429}"
EndProject
Project("{2150E333-8FDC-42A3-9474-1A3956D46DE8}") = "build", "build", "{5B868227-DC86-44DA-AFDE-752EB8B7CE0C}"
EndProject
Project("{9A19103F-16F7-4668-BE54-9A1E7A4F7556}") = "AsciiDocNet.Benchmarks", "AsciiDocNet.Benchmarks\AsciiDocNet.Benchmarks.csproj", "{B61A01EE-6A7E-4BDB-A7AE-807E4FC6B859}"
EndProject
Project("{2150E333-8FDC-42A3-9474-1A3956D46DE8}") = "SolutionItems", "SolutionItems", "{92CF621C-3FFB-4824-A168-4BA3F6F0BA40}"
	ProjectSection(SolutionItems) = preProject
		Directory.Build.props = Directory.Build.props
		Directory.Packages.props = Directory.Packages.props
		..\NuGet.Config = ..\NuGet.Config
		outputpath.props = outputpath.props
		Package.Build.props = Package.Build.props
		SolutionInfo.cs = SolutionInfo.cs
		SolutionInfo.vb = SolutionInfo.vb
		Test.Build.props = Test.Build.props
	EndProjectSection
EndProject
Project("{9A19103F-16F7-4668-BE54-9A1E7A4F7556}") = "AsciidoctorN", "AsciidoctorN\AsciidoctorN.csproj", "{A6627FC8-9325-4B51-B2C9-A94F8077FA46}"
EndProject
Project("{9A19103F-16F7-4668-BE54-9A1E7A4F7556}") = "AsciidoctorN.Tests", "AsciidoctorN.Tests\AsciidoctorN.Tests.csproj", "{6745A4A6-0057-4883-9442-A99BC522FE6A}"
EndProject
Project("{2150E333-8FDC-42A3-9474-1A3956D46DE8}") = "Solution Items", "Solution Items", "{7F543175-9F2E-465A-99B3-881F08F41EE4}"
	ProjectSection(SolutionItems) = preProject
		.editorconfig = .editorconfig
	EndProjectSection
EndProject
Global
	GlobalSection(SolutionConfigurationPlatforms) = preSolution
		Debug|Any CPU = Debug|Any CPU
		Release|Any CPU = Release|Any CPU
	EndGlobalSection
	GlobalSection(ProjectConfigurationPlatforms) = postSolution
		{0C808E3D-5ECF-46A9-936D-BCD019B858F9}.Debug|Any CPU.ActiveCfg = Debug|Any CPU
		{0C808E3D-5ECF-46A9-936D-BCD019B858F9}.Debug|Any CPU.Build.0 = Debug|Any CPU
		{0C808E3D-5ECF-46A9-936D-BCD019B858F9}.Release|Any CPU.ActiveCfg = Release|Any CPU
		{0C808E3D-5ECF-46A9-936D-BCD019B858F9}.Release|Any CPU.Build.0 = Release|Any CPU
		{8AFB2E20-2EBE-48D2-AA28-89F7F7948429}.Debug|Any CPU.ActiveCfg = Debug|Any CPU
		{8AFB2E20-2EBE-48D2-AA28-89F7F7948429}.Debug|Any CPU.Build.0 = Debug|Any CPU
		{8AFB2E20-2EBE-48D2-AA28-89F7F7948429}.Release|Any CPU.ActiveCfg = Release|Any CPU
		{8AFB2E20-2EBE-48D2-AA28-89F7F7948429}.Release|Any CPU.Build.0 = Release|Any CPU
		{B61A01EE-6A7E-4BDB-A7AE-807E4FC6B859}.Debug|Any CPU.ActiveCfg = Debug|Any CPU
		{B61A01EE-6A7E-4BDB-A7AE-807E4FC6B859}.Debug|Any CPU.Build.0 = Debug|Any CPU
		{B61A01EE-6A7E-4BDB-A7AE-807E4FC6B859}.Release|Any CPU.ActiveCfg = Release|Any CPU
		{B61A01EE-6A7E-4BDB-A7AE-807E4FC6B859}.Release|Any CPU.Build.0 = Release|Any CPU
		{A6627FC8-9325-4B51-B2C9-A94F8077FA46}.Debug|Any CPU.ActiveCfg = Debug|Any CPU
		{A6627FC8-9325-4B51-B2C9-A94F8077FA46}.Debug|Any CPU.Build.0 = Debug|Any CPU
		{A6627FC8-9325-4B51-B2C9-A94F8077FA46}.Release|Any CPU.ActiveCfg = Release|Any CPU
		{A6627FC8-9325-4B51-B2C9-A94F8077FA46}.Release|Any CPU.Build.0 = Release|Any CPU
		{6745A4A6-0057-4883-9442-A99BC522FE6A}.Debug|Any CPU.ActiveCfg = Debug|Any CPU
		{6745A4A6-0057-4883-9442-A99BC522FE6A}.Debug|Any CPU.Build.0 = Debug|Any CPU
		{6745A4A6-0057-4883-9442-A99BC522FE6A}.Release|Any CPU.ActiveCfg = Release|Any CPU
		{6745A4A6-0057-4883-9442-A99BC522FE6A}.Release|Any CPU.Build.0 = Release|Any CPU
	EndGlobalSection
	GlobalSection(SolutionProperties) = preSolution
		HideSolutionNode = FALSE
	EndGlobalSection
	GlobalSection(ExtensibilityGlobals) = postSolution
		SolutionGuid = {824B395F-C5A5-4DE4-92AE-01136306359F}
	EndGlobalSection
EndGlobal
