
Microsoft Visual Studio Solution File, Format Version 12.00
# Visual Studio Version 17
VisualStudioVersion = 17.5.33402.96
MinimumVisualStudioVersion = 10.0.40219.1
Project("{9A19103F-16F7-4668-BE54-9A1E7A4F7556}") = "AsciiDocNet", "AsciiDocNet\AsciiDocNet.csproj", "{0C808E3D-5ECF-46A9-936D-BCD019B858F9}"
EndProject
Project("{9A19103F-16F7-4668-BE54-9A1E7A4F7556}") = "AsciiDocNet.Tests", "AsciiDocNet.Tests\AsciiDocNet.Tests.csproj", "{8AFB2E20-2EBE-48D2-AA28-89F7F7948429}"
EndProject
Project("{2150E333-8FDC-42A3-9474-1A3956D46DE8}") = "build", "build", "{5B868227-DC86-44DA-AFDE-752EB8B7CE0C}"
EndProject
Project("{2150E333-8FDC-42A3-9474-1A3956D46DE8}") = "SolutionItems", "SolutionItems", "{510ED8EF-A924-4157-BA65-8208C91F4A61}"
EndProject
Project("{FAE04EC0-301F-11D3-BF4B-00C04F79EFBC}") = "SpecFlowProject1", "SpecFlowProject1\SpecFlowProject1.csproj", "{AB5DFB3C-0296-4724-A470-4BD8C7E3204C}"
EndProject
Global
	GlobalSection(SolutionConfigurationPlatforms) = preSolution
		Debug|Any CPU = Debug|Any CPU
		Release|Any CPU = Release|Any CPU
	EndGlobalSection
	GlobalSection(ProjectConfigurationPlatforms) = postSolution
		{0C808E3D-5ECF-46A9-936D-BCD019B858F9}.Debug|Any CPU.ActiveCfg = Debug|Any CPU
		{0C808E3D-5ECF-46A9-936D-BCD019B858F9}.Debug|Any CPU.Build.0 = Debug|Any CPU
		{0C808E3D-5ECF-46A9-936D-BCD019B858F9}.Release|Any CPU.ActiveCfg = Release|Any CPU
		{0C808E3D-5ECF-46A9-936D-BCD019B858F9}.Release|Any CPU.Build.0 = Release|Any CPU
		{8AFB2E20-2EBE-48D2-AA28-89F7F7948429}.Debug|Any CPU.ActiveCfg = Debug|Any CPU
		{8AFB2E20-2EBE-48D2-AA28-89F7F7948429}.Debug|Any CPU.Build.0 = Debug|Any CPU
		{8AFB2E20-2EBE-48D2-AA28-89F7F7948429}.Release|Any CPU.ActiveCfg = Release|Any CPU
		{8AFB2E20-2EBE-48D2-AA28-89F7F7948429}.Release|Any CPU.Build.0 = Release|Any CPU
		{AB5DFB3C-0296-4724-A470-4BD8C7E3204C}.Debug|Any CPU.ActiveCfg = Debug|Any CPU
		{AB5DFB3C-0296-4724-A470-4BD8C7E3204C}.Debug|Any CPU.Build.0 = Debug|Any CPU
		{AB5DFB3C-0296-4724-A470-4BD8C7E3204C}.Release|Any CPU.ActiveCfg = Release|Any CPU
		{AB5DFB3C-0296-4724-A470-4BD8C7E3204C}.Release|Any CPU.Build.0 = Release|Any CPU
	EndGlobalSection
	GlobalSection(SolutionProperties) = preSolution
		HideSolutionNode = FALSE
	EndGlobalSection
	GlobalSection(ExtensibilityGlobals) = postSolution
		SolutionGuid = {48871ABC-1105-4B53-95B1-B825CBC1B2FF}
	EndGlobalSection
EndGlobal
